
Microsoft Visual Studio Solution File, Format Version 12.00
# Visual Studio 15
VisualStudioVersion = 15.0.28307.168
MinimumVisualStudioVersion = 10.0.40219.1
Project("{2150E333-8FDC-42A3-9474-1A3956D46DE8}") = "1.Datos", "1.Datos", "{87410FF4-CF34-406D-958A-C3E8F305AE18}"
EndProject
Project("{2150E333-8FDC-42A3-9474-1A3956D46DE8}") = "2.Negocio", "2.Negocio", "{9CDB7470-5BFA-4E8B-873E-CB085CF7FEA2}"
EndProject
Project("{2150E333-8FDC-42A3-9474-1A3956D46DE8}") = "3.Presentacion", "3.Presentacion", "{9A0A2626-4F20-40BD-8177-039225ED3CF1}"
EndProject
Project("{FAE04EC0-301F-11D3-BF4B-00C04F79EFBC}") = "Intergrupo.PruebaTecnica.Negocio", "Intergrupo.PruebaTecnica.Negocio\Intergrupo.PruebaTecnica.Negocio.csproj", "{EF6031D9-A9D7-41F4-BE26-2DF6C26059AA}"
EndProject
Project("{FAE04EC0-301F-11D3-BF4B-00C04F79EFBC}") = "Intergrupo.PruebaTecnica.Presentacion", "Intergrupo.PruebaTecnica.Presentacion}\Intergrupo.PruebaTecnica.Presentacion.csproj", "{A0F8BD75-35E9-4921-A669-9277EF218DDF}"
EndProject
Project("{FAE04EC0-301F-11D3-BF4B-00C04F79EFBC}") = "Intergrupo.PruebaConcepto.Datos", "Intergrupo.PruebaConcepto.Datos\Intergrupo.PruebaConcepto.Datos.csproj", "{974C0803-3D77-4082-A626-E155960666E1}"
EndProject
Project("{FAE04EC0-301F-11D3-BF4B-00C04F79EFBC}") = "Intergrupo.PruebaTecnica.PruebasUnitarias", "Intergrupo.PruebaTecnica.PruebasUnitarias\Intergrupo.PruebaTecnica.PruebasUnitarias.csproj", "{3B09B631-6B7D-491C-BF0C-E0251FEB9A0D}"
EndProject
Global
	GlobalSection(SolutionConfigurationPlatforms) = preSolution
		Debug|Any CPU = Debug|Any CPU
		Release|Any CPU = Release|Any CPU
	EndGlobalSection
	GlobalSection(ProjectConfigurationPlatforms) = postSolution
		{EF6031D9-A9D7-41F4-BE26-2DF6C26059AA}.Debug|Any CPU.ActiveCfg = Debug|Any CPU
		{EF6031D9-A9D7-41F4-BE26-2DF6C26059AA}.Debug|Any CPU.Build.0 = Debug|Any CPU
		{EF6031D9-A9D7-41F4-BE26-2DF6C26059AA}.Release|Any CPU.ActiveCfg = Release|Any CPU
		{EF6031D9-A9D7-41F4-BE26-2DF6C26059AA}.Release|Any CPU.Build.0 = Release|Any CPU
		{A0F8BD75-35E9-4921-A669-9277EF218DDF}.Debug|Any CPU.ActiveCfg = Debug|Any CPU
		{A0F8BD75-35E9-4921-A669-9277EF218DDF}.Debug|Any CPU.Build.0 = Debug|Any CPU
		{A0F8BD75-35E9-4921-A669-9277EF218DDF}.Release|Any CPU.ActiveCfg = Release|Any CPU
		{A0F8BD75-35E9-4921-A669-9277EF218DDF}.Release|Any CPU.Build.0 = Release|Any CPU
		{974C0803-3D77-4082-A626-E155960666E1}.Debug|Any CPU.ActiveCfg = Debug|Any CPU
		{974C0803-3D77-4082-A626-E155960666E1}.Debug|Any CPU.Build.0 = Debug|Any CPU
		{974C0803-3D77-4082-A626-E155960666E1}.Release|Any CPU.ActiveCfg = Release|Any CPU
		{974C0803-3D77-4082-A626-E155960666E1}.Release|Any CPU.Build.0 = Release|Any CPU
		{3B09B631-6B7D-491C-BF0C-E0251FEB9A0D}.Debug|Any CPU.ActiveCfg = Debug|Any CPU
		{3B09B631-6B7D-491C-BF0C-E0251FEB9A0D}.Debug|Any CPU.Build.0 = Debug|Any CPU
		{3B09B631-6B7D-491C-BF0C-E0251FEB9A0D}.Release|Any CPU.ActiveCfg = Release|Any CPU
		{3B09B631-6B7D-491C-BF0C-E0251FEB9A0D}.Release|Any CPU.Build.0 = Release|Any CPU
	EndGlobalSection
	GlobalSection(SolutionProperties) = preSolution
		HideSolutionNode = FALSE
	EndGlobalSection
	GlobalSection(NestedProjects) = preSolution
		{EF6031D9-A9D7-41F4-BE26-2DF6C26059AA} = {9CDB7470-5BFA-4E8B-873E-CB085CF7FEA2}
		{A0F8BD75-35E9-4921-A669-9277EF218DDF} = {9A0A2626-4F20-40BD-8177-039225ED3CF1}
		{974C0803-3D77-4082-A626-E155960666E1} = {87410FF4-CF34-406D-958A-C3E8F305AE18}
		{3B09B631-6B7D-491C-BF0C-E0251FEB9A0D} = {9CDB7470-5BFA-4E8B-873E-CB085CF7FEA2}
	EndGlobalSection
	GlobalSection(ExtensibilityGlobals) = postSolution
		SolutionGuid = {FF3A6882-40A5-4A8A-85D9-0287FB819B72}
	EndGlobalSection
EndGlobal
